{
  "name": "randomjokes",
  "version": "1.0.0",
  "lockfileVersion": 3,
  "requires": true,
  "packages": {
    "": {
      "name": "randomjokes",
      "version": "1.0.0",
      "license": "ISC",
      "dependencies": {
        "randomjokes": "file:"
      }
    },
    "node_modules/randomjokes": {
      "resolved": "",
      "link": true
    }
  }
}
